// !$*UTF8*$!
{
	archiveVersion = 1;
	classes = {
	};
	objectVersion = 48;
	objects = {

/* Begin PBXBuildFile section */
		D2EE73821F3BA51E0025C754 /* AppDelegate.swift in Sources */ = {isa = PBXBuildFile; fileRef = D2EE73811F3BA51E0025C754 /* AppDelegate.swift */; };
		D2EE73841F3BA51E0025C754 /* CategoriesViewController.swift in Sources */ = {isa = PBXBuildFile; fileRef = D2EE73831F3BA51E0025C754 /* CategoriesViewController.swift */; };
		D2EE73871F3BA51E0025C754 /* Main.storyboard in Resources */ = {isa = PBXBuildFile; fileRef = D2EE73851F3BA51E0025C754 /* Main.storyboard */; };
		D2EE73891F3BA51E0025C754 /* Assets.xcassets in Resources */ = {isa = PBXBuildFile; fileRef = D2EE73881F3BA51E0025C754 /* Assets.xcassets */; };
		D2EE738C1F3BA51E0025C754 /* LaunchScreen.storyboard in Resources */ = {isa = PBXBuildFile; fileRef = D2EE738A1F3BA51E0025C754 /* LaunchScreen.storyboard */; };
		D2EE73971F3BAAFC0025C754 /* CategoryViewCell.swift in Sources */ = {isa = PBXBuildFile; fileRef = D2EE73961F3BAAFC0025C754 /* CategoryViewCell.swift */; };
/* End PBXBuildFile section */

/* Begin PBXFileReference section */
		D2EE737E1F3BA51E0025C754 /* coderswag.app */ = {isa = PBXFileReference; explicitFileType = wrapper.application; includeInIndex = 0; path = coderswag.app; sourceTree = BUILT_PRODUCTS_DIR; };
		D2EE73811F3BA51E0025C754 /* AppDelegate.swift */ = {isa = PBXFileReference; lastKnownFileType = sourcecode.swift; path = AppDelegate.swift; sourceTree = "<group>"; };
		D2EE73831F3BA51E0025C754 /* CategoriesViewController.swift */ = {isa = PBXFileReference; lastKnownFileType = sourcecode.swift; path = CategoriesViewController.swift; sourceTree = "<group>"; };
		D2EE73861F3BA51E0025C754 /* Base */ = {isa = PBXFileReference; lastKnownFileType = file.storyboard; name = Base; path = Base.lproj/Main.storyboard; sourceTree = "<group>"; };
		D2EE73881F3BA51E0025C754 /* Assets.xcassets */ = {isa = PBXFileReference; lastKnownFileType = folder.assetcatalog; path = Assets.xcassets; sourceTree = "<group>"; };
		D2EE738B1F3BA51E0025C754 /* Base */ = {isa = PBXFileReference; lastKnownFileType = file.storyboard; name = Base; path = Base.lproj/LaunchScreen.storyboard; sourceTree = "<group>"; };
		D2EE738D1F3BA51E0025C754 /* Info.plist */ = {isa = PBXFileReference; lastKnownFileType = text.plist.xml; path = Info.plist; sourceTree = "<group>"; };
		D2EE73961F3BAAFC0025C754 /* CategoryViewCell.swift */ = {isa = PBXFileReference; lastKnownFileType = sourcecode.swift; path = CategoryViewCell.swift; sourceTree = "<group>"; };
/* End PBXFileReference section */

/* Begin PBXFrameworksBuildPhase section */
		D2EE737B1F3BA51E0025C754 /* Frameworks */ = {
			isa = PBXFrameworksBuildPhase;
			buildActionMask = 2147483647;
			files = (
			);
			runOnlyForDeploymentPostprocessing = 0;
		};
/* End PBXFrameworksBuildPhase section */

/* Begin PBXGroup section */
		D2EE73751F3BA51E0025C754 = {
			isa = PBXGroup;
			children = (
				D2EE73801F3BA51E0025C754 /* coderswag */,
				D2EE737F1F3BA51E0025C754 /* Products */,
			);
			sourceTree = "<group>";
		};
		D2EE737F1F3BA51E0025C754 /* Products */ = {
			isa = PBXGroup;
			children = (
				D2EE737E1F3BA51E0025C754 /* coderswag.app */,
			);
			name = Products;
			sourceTree = "<group>";
		};
		D2EE73801F3BA51E0025C754 /* coderswag */ = {
			isa = PBXGroup;
			children = (
				D2EE73951F3BAA850025C754 /* View */,
				D2EE73941F3BAA800025C754 /* Model */,
				D2EE73931F3BAA7C0025C754 /* Controller */,
				D2EE73811F3BA51E0025C754 /* AppDelegate.swift */,
				D2EE73851F3BA51E0025C754 /* Main.storyboard */,
				D2EE73881F3BA51E0025C754 /* Assets.xcassets */,
				D2EE738A1F3BA51E0025C754 /* LaunchScreen.storyboard */,
				D2EE738D1F3BA51E0025C754 /* Info.plist */,
			);
			path = coderswag;
			sourceTree = "<group>";
		};
		D2EE73931F3BAA7C0025C754 /* Controller */ = {
			isa = PBXGroup;
			children = (
				D2EE73831F3BA51E0025C754 /* CategoriesViewController.swift */,
			);
			path = Controller;
			sourceTree = "<group>";
		};
		D2EE73941F3BAA800025C754 /* Model */ = {
			isa = PBXGroup;
			children = (
			);
			path = Model;
			sourceTree = "<group>";
		};
		D2EE73951F3BAA850025C754 /* View */ = {
			isa = PBXGroup;
			children = (
				D2EE73961F3BAAFC0025C754 /* CategoryViewCell.swift */,
			);
			path = View;
			sourceTree = "<group>";
		};
/* End PBXGroup section */

/* Begin PBXNativeTarget section */
		D2EE737D1F3BA51E0025C754 /* coderswag */ = {
			isa = PBXNativeTarget;
			buildConfigurationList = D2EE73901F3BA51E0025C754 /* Build configuration list for PBXNativeTarget "coderswag" */;
			buildPhases = (
				D2EE737A1F3BA51E0025C754 /* Sources */,
				D2EE737B1F3BA51E0025C754 /* Frameworks */,
				D2EE737C1F3BA51E0025C754 /* Resources */,
			);
			buildRules = (
			);
			dependencies = (
			);
			name = coderswag;
			productName = coderswag;
			productReference = D2EE737E1F3BA51E0025C754 /* coderswag.app */;
			productType = "com.apple.product-type.application";
		};
/* End PBXNativeTarget section */

/* Begin PBXProject section */
		D2EE73761F3BA51E0025C754 /* Project object */ = {
			isa = PBXProject;
			attributes = {
				LastSwiftUpdateCheck = 0900;
				LastUpgradeCheck = 0900;
				ORGANIZATIONNAME = ThisGuyMagic;
				TargetAttributes = {
					D2EE737D1F3BA51E0025C754 = {
						CreatedOnToolsVersion = 9.0;
					};
				};
			};
			buildConfigurationList = D2EE73791F3BA51E0025C754 /* Build configuration list for PBXProject "coderswag" */;
			compatibilityVersion = "Xcode 8.0";
			developmentRegion = en;
			hasScannedForEncodings = 0;
			knownRegions = (
				en,
				Base,
			);
			mainGroup = D2EE73751F3BA51E0025C754;
			productRefGroup = D2EE737F1F3BA51E0025C754 /* Products */;
			projectDirPath = "";
			projectRoot = "";
			targets = (
				D2EE737D1F3BA51E0025C754 /* coderswag */,
			);
		};
/* End PBXProject section */

/* Begin PBXResourcesBuildPhase section */
		D2EE737C1F3BA51E0025C754 /* Resources */ = {
			isa = PBXResourcesBuildPhase;
			buildActionMask = 2147483647;
			files = (
				D2EE738C1F3BA51E0025C754 /* LaunchScreen.storyboard in Resources */,
				D2EE73891F3BA51E0025C754 /* Assets.xcassets in Resources */,
				D2EE73871F3BA51E0025C754 /* Main.storyboard in Resources */,
			);
			runOnlyForDeploymentPostprocessing = 0;
		};
/* End PBXResourcesBuildPhase section */

/* Begin PBXSourcesBuildPhase section */
		D2EE737A1F3BA51E0025C754 /* Sources */ = {
			isa = PBXSourcesBuildPhase;
			buildActionMask = 2147483647;
			files = (
				D2EE73841F3BA51E0025C754 /* CategoriesViewController.swift in Sources */,
				D2EE73971F3BAAFC0025C754 /* CategoryViewCell.swift in Sources */,
				D2EE73821F3BA51E0025C754 /* AppDelegate.swift in Sources */,
			);
			runOnlyForDeploymentPostprocessing = 0;
		};
/* End PBXSourcesBuildPhase section */

/* Begin PBXVariantGroup section */
		D2EE73851F3BA51E0025C754 /* Main.storyboard */ = {
			isa = PBXVariantGroup;
			children = (
				D2EE73861F3BA51E0025C754 /* Base */,
			);
			name = Main.storyboard;
			sourceTree = "<group>";
		};
		D2EE738A1F3BA51E0025C754 /* LaunchScreen.storyboard */ = {
			isa = PBXVariantGroup;
			children = (
				D2EE738B1F3BA51E0025C754 /* Base */,
			);
			name = LaunchScreen.storyboard;
			sourceTree = "<group>";
		};
/* End PBXVariantGroup section */

/* Begin XCBuildConfiguration section */
		D2EE738E1F3BA51E0025C754 /* Debug */ = {
			isa = XCBuildConfiguration;
			buildSettings = {
				ALWAYS_SEARCH_USER_PATHS = NO;
				CLANG_ANALYZER_NONNULL = YES;
				CLANG_ANALYZER_NUMBER_OBJECT_CONVERSION = YES_AGGRESSIVE;
				CLANG_CXX_LANGUAGE_STANDARD = "gnu++14";
				CLANG_CXX_LIBRARY = "libc++";
				CLANG_ENABLE_MODULES = YES;
				CLANG_ENABLE_OBJC_ARC = YES;
				CLANG_WARN_BLOCK_CAPTURE_AUTORELEASING = YES;
				CLANG_WARN_BOOL_CONVERSION = YES;
				CLANG_WARN_COMMA = YES;
				CLANG_WARN_CONSTANT_CONVERSION = YES;
				CLANG_WARN_DIRECT_OBJC_ISA_USAGE = YES_ERROR;
				CLANG_WARN_DOCUMENTATION_COMMENTS = YES;
				CLANG_WARN_EMPTY_BODY = YES;
				CLANG_WARN_ENUM_CONVERSION = YES;
				CLANG_WARN_INFINITE_RECURSION = YES;
				CLANG_WARN_INT_CONVERSION = YES;
				CLANG_WARN_NON_LITERAL_NULL_CONVERSION = YES;
				CLANG_WARN_OBJC_LITERAL_CONVERSION = YES;
				CLANG_WARN_OBJC_ROOT_CLASS = YES_ERROR;
				CLANG_WARN_RANGE_LOOP_ANALYSIS = YES;
				CLANG_WARN_STRICT_PROTOTYPES = YES;
				CLANG_WARN_SUSPICIOUS_MOVE = YES;
				CLANG_WARN_UNGUARDED_AVAILABILITY = YES_AGGRESSIVE;
				CLANG_WARN_UNREACHABLE_CODE = YES;
				CLANG_WARN__DUPLICATE_METHOD_MATCH = YES;
				CODE_SIGN_IDENTITY = "iPhone Developer";
				COPY_PHASE_STRIP = NO;
				DEBUG_INFORMATION_FORMAT = dwarf;
				ENABLE_STRICT_OBJC_MSGSEND = YES;
				ENABLE_TESTABILITY = YES;
				GCC_C_LANGUAGE_STANDARD = gnu11;
				GCC_DYNAMIC_NO_PIC = NO;
				GCC_NO_COMMON_BLOCKS = YES;
				GCC_OPTIMIZATION_LEVEL = 0;
				GCC_PREPROCESSOR_DEFINITIONS = (
					"DEBUG=1",
					"$(inherited)",
				);
				GCC_WARN_64_TO_32_BIT_CONVERSION = YES;
				GCC_WARN_ABOUT_RETURN_TYPE = YES_ERROR;
				GCC_WARN_UNDECLARED_SELECTOR = YES;
				GCC_WARN_UNINITIALIZED_AUTOS = YES_AGGRESSIVE;
				GCC_WARN_UNUSED_FUNCTION = YES;
				GCC_WARN_UNUSED_VARIABLE = YES;
				IPHONEOS_DEPLOYMENT_TARGET = 11.0;
				MTL_ENABLE_DEBUG_INFO = YES;
				ONLY_ACTIVE_ARCH = YES;
				SDKROOT = iphoneos;
				SWIFT_ACTIVE_COMPILATION_CONDITIONS = DEBUG;
				SWIFT_OPTIMIZATION_LEVEL = "-Onone";
			};
			name = Debug;
		};
		D2EE738F1F3BA51E0025C754 /* Release */ = {
			isa = XCBuildConfiguration;
			buildSettings = {
				ALWAYS_SEARCH_USER_PATHS = NO;
				CLANG_ANALYZER_NONNULL = YES;
				CLANG_ANALYZER_NUMBER_OBJECT_CONVERSION = YES_AGGRESSIVE;
				CLANG_CXX_LANGUAGE_STANDARD = "gnu++14";
				CLANG_CXX_LIBRARY = "libc++";
				CLANG_ENABLE_MODULES = YES;
				CLANG_ENABLE_OBJC_ARC = YES;
				CLANG_WARN_BLOCK_CAPTURE_AUTORELEASING = YES;
				CLANG_WARN_BOOL_CONVERSION = YES;
				CLANG_WARN_COMMA = YES;
				CLANG_WARN_CONSTANT_CONVERSION = YES;
				CLANG_WARN_DIRECT_OBJC_ISA_USAGE = YES_ERROR;
				CLANG_WARN_DOCUMENTATION_COMMENTS = YES;
				CLANG_WARN_EMPTY_BODY = YES;
				CLANG_WARN_ENUM_CONVERSION = YES;
				CLANG_WARN_INFINITE_RECURSION = YES;
				CLANG_WARN_INT_CONVERSION = YES;
				CLANG_WARN_NON_LITERAL_NULL_CONVERSION = YES;
				CLANG_WARN_OBJC_LITERAL_CONVERSION = YES;
				CLANG_WARN_OBJC_ROOT_CLASS = YES_ERROR;
				CLANG_WARN_RANGE_LOOP_ANALYSIS = YES;
				CLANG_WARN_STRICT_PROTOTYPES = YES;
				CLANG_WARN_SUSPICIOUS_MOVE = YES;
				CLANG_WARN_UNGUARDED_AVAILABILITY = YES_AGGRESSIVE;
				CLANG_WARN_UNREACHABLE_CODE = YES;
				CLANG_WARN__DUPLICATE_METHOD_MATCH = YES;
				CODE_SIGN_IDENTITY = "iPhone Developer";
				COPY_PHASE_STRIP = NO;
				DEBUG_INFORMATION_FORMAT = "dwarf-with-dsym";
				ENABLE_NS_ASSERTIONS = NO;
				ENABLE_STRICT_OBJC_MSGSEND = YES;
				GCC_C_LANGUAGE_STANDARD = gnu11;
				GCC_NO_COMMON_BLOCKS = YES;
				GCC_WARN_64_TO_32_BIT_CONVERSION = YES;
				GCC_WARN_ABOUT_RETURN_TYPE = YES_ERROR;
				GCC_WARN_UNDECLARED_SELECTOR = YES;
				GCC_WARN_UNINITIALIZED_AUTOS = YES_AGGRESSIVE;
				GCC_WARN_UNUSED_FUNCTION = YES;
				GCC_WARN_UNUSED_VARIABLE = YES;
				IPHONEOS_DEPLOYMENT_TARGET = 11.0;
				MTL_ENABLE_DEBUG_INFO = NO;
				SDKROOT = iphoneos;
				SWIFT_OPTIMIZATION_LEVEL = "-Owholemodule";
				VALIDATE_PRODUCT = YES;
			};
			name = Release;
		};
		D2EE73911F3BA51E0025C754 /* Debug */ = {
			isa = XCBuildConfiguration;
			buildSettings = {
				ASSETCATALOG_COMPILER_APPICON_NAME = AppIcon;
				DEVELOPMENT_TEAM = XGN2X43A68;
				INFOPLIST_FILE = coderswag/Info.plist;
				LD_RUNPATH_SEARCH_PATHS = "$(inherited) @executable_path/Frameworks";
				PRODUCT_BUNDLE_IDENTIFIER = TGM.coderswag;
				PRODUCT_NAME = "$(TARGET_NAME)";
				SWIFT_VERSION = 4.0;
				TARGETED_DEVICE_FAMILY = "1,2";
			};
			name = Debug;
		};
		D2EE73921F3BA51E0025C754 /* Release */ = {
			isa = XCBuildConfiguration;
			buildSettings = {
				ASSETCATALOG_COMPILER_APPICON_NAME = AppIcon;
				DEVELOPMENT_TEAM = XGN2X43A68;
				INFOPLIST_FILE = coderswag/Info.plist;
				LD_RUNPATH_SEARCH_PATHS = "$(inherited) @executable_path/Frameworks";
				PRODUCT_BUNDLE_IDENTIFIER = TGM.coderswag;
				PRODUCT_NAME = "$(TARGET_NAME)";
				SWIFT_VERSION = 4.0;
				TARGETED_DEVICE_FAMILY = "1,2";
			};
			name = Release;
		};
/* End XCBuildConfiguration section */

/* Begin XCConfigurationList section */
		D2EE73791F3BA51E0025C754 /* Build configuration list for PBXProject "coderswag" */ = {
			isa = XCConfigurationList;
			buildConfigurations = (
				D2EE738E1F3BA51E0025C754 /* Debug */,
				D2EE738F1F3BA51E0025C754 /* Release */,
			);
			defaultConfigurationIsVisible = 0;
			defaultConfigurationName = Release;
		};
		D2EE73901F3BA51E0025C754 /* Build configuration list for PBXNativeTarget "coderswag" */ = {
			isa = XCConfigurationList;
			buildConfigurations = (
				D2EE73911F3BA51E0025C754 /* Debug */,
				D2EE73921F3BA51E0025C754 /* Release */,
			);
			defaultConfigurationIsVisible = 0;
			defaultConfigurationName = Release;
		};
/* End XCConfigurationList section */
	};
	rootObject = D2EE73761F3BA51E0025C754 /* Project object */;
}
